// !$*UTF8*$!
{
	archiveVersion = 1;
	classes = {
	};
	objectVersion = 50;
	objects = {

/* Begin PBXBuildFile section */
		C58277AE2223D6A9000D2876 /* main.m in Sources */ = {isa = PBXBuildFile; fileRef = C58277AD2223D6A9000D2876 /* main.m */; };
		C5B91A8C22262F87000CA3E0 /* RumtimeTest.m in Sources */ = {isa = PBXBuildFile; fileRef = C5B91A8B22262F87000CA3E0 /* RumtimeTest.m */; };
		C5B91A932226390A000CA3E0 /* Objc_MsgSendTester.m in Sources */ = {isa = PBXBuildFile; fileRef = C5B91A922226390A000CA3E0 /* Objc_MsgSendTester.m */; };
/* End PBXBuildFile section */

/* Begin PBXCopyFilesBuildPhase section */
		C58277A82223D6A9000D2876 /* CopyFiles */ = {
			isa = PBXCopyFilesBuildPhase;
			buildActionMask = 2147483647;
			dstPath = /usr/share/man/man1/;
			dstSubfolderSpec = 0;
			files = (
			);
			runOnlyForDeploymentPostprocessing = 1;
		};
/* End PBXCopyFilesBuildPhase section */

/* Begin PBXFileReference section */
		C58277AA2223D6A9000D2876 /* Runtime-Demo */ = {isa = PBXFileReference; explicitFileType = "compiled.mach-o.executable"; includeInIndex = 0; path = "Runtime-Demo"; sourceTree = BUILT_PRODUCTS_DIR; };
		C58277AD2223D6A9000D2876 /* main.m */ = {isa = PBXFileReference; lastKnownFileType = sourcecode.c.objc; path = main.m; sourceTree = "<group>"; };
		C5B91A8922262F87000CA3E0 /* RumtimeTest.xctest */ = {isa = PBXFileReference; explicitFileType = wrapper.cfbundle; includeInIndex = 0; path = RumtimeTest.xctest; sourceTree = BUILT_PRODUCTS_DIR; };
		C5B91A8B22262F87000CA3E0 /* RumtimeTest.m */ = {isa = PBXFileReference; lastKnownFileType = sourcecode.c.objc; path = RumtimeTest.m; sourceTree = "<group>"; };
		C5B91A8D22262F87000CA3E0 /* Info.plist */ = {isa = PBXFileReference; lastKnownFileType = text.plist.xml; path = Info.plist; sourceTree = "<group>"; };
		C5B91A912226390A000CA3E0 /* Objc_MsgSendTester.h */ = {isa = PBXFileReference; lastKnownFileType = sourcecode.c.h; path = Objc_MsgSendTester.h; sourceTree = "<group>"; };
		C5B91A922226390A000CA3E0 /* Objc_MsgSendTester.m */ = {isa = PBXFileReference; lastKnownFileType = sourcecode.c.objc; path = Objc_MsgSendTester.m; sourceTree = "<group>"; };
/* End PBXFileReference section */

/* Begin PBXFrameworksBuildPhase section */
		C58277A72223D6A9000D2876 /* Frameworks */ = {
			isa = PBXFrameworksBuildPhase;
			buildActionMask = 2147483647;
			files = (
			);
			runOnlyForDeploymentPostprocessing = 0;
		};
		C5B91A8622262F87000CA3E0 /* Frameworks */ = {
			isa = PBXFrameworksBuildPhase;
			buildActionMask = 2147483647;
			files = (
			);
			runOnlyForDeploymentPostprocessing = 0;
		};
/* End PBXFrameworksBuildPhase section */

/* Begin PBXGroup section */
		C58277A12223D6A9000D2876 = {
			isa = PBXGroup;
			children = (
				C58277AC2223D6A9000D2876 /* Runtime-Demo */,
				C5B91A8A22262F87000CA3E0 /* RumtimeTest */,
				C58277AB2223D6A9000D2876 /* Products */,
			);
			sourceTree = "<group>";
		};
		C58277AB2223D6A9000D2876 /* Products */ = {
			isa = PBXGroup;
			children = (
				C58277AA2223D6A9000D2876 /* Runtime-Demo */,
				C5B91A8922262F87000CA3E0 /* RumtimeTest.xctest */,
			);
			name = Products;
			sourceTree = "<group>";
		};
		C58277AC2223D6A9000D2876 /* Runtime-Demo */ = {
			isa = PBXGroup;
			children = (
				C58277AD2223D6A9000D2876 /* main.m */,
			);
			path = "Runtime-Demo";
			sourceTree = "<group>";
		};
		C5B91A8A22262F87000CA3E0 /* RumtimeTest */ = {
			isa = PBXGroup;
			children = (
				C5B91A8B22262F87000CA3E0 /* RumtimeTest.m */,
				C5B91A912226390A000CA3E0 /* Objc_MsgSendTester.h */,
				C5B91A922226390A000CA3E0 /* Objc_MsgSendTester.m */,
				C5B91A8D22262F87000CA3E0 /* Info.plist */,
			);
			path = RumtimeTest;
			sourceTree = "<group>";
		};
/* End PBXGroup section */

/* Begin PBXNativeTarget section */
		C58277A92223D6A9000D2876 /* Runtime-Demo */ = {
			isa = PBXNativeTarget;
			buildConfigurationList = C58277B12223D6A9000D2876 /* Build configuration list for PBXNativeTarget "Runtime-Demo" */;
			buildPhases = (
				C58277A62223D6A9000D2876 /* Sources */,
				C58277A72223D6A9000D2876 /* Frameworks */,
				C58277A82223D6A9000D2876 /* CopyFiles */,
			);
			buildRules = (
			);
			dependencies = (
			);
			name = "Runtime-Demo";
			productName = "Runtime-Demo";
			productReference = C58277AA2223D6A9000D2876 /* Runtime-Demo */;
			productType = "com.apple.product-type.tool";
		};
		C5B91A8822262F87000CA3E0 /* RumtimeTest */ = {
			isa = PBXNativeTarget;
			buildConfigurationList = C5B91A8E22262F87000CA3E0 /* Build configuration list for PBXNativeTarget "RumtimeTest" */;
			buildPhases = (
				C5B91A8522262F87000CA3E0 /* Sources */,
				C5B91A8622262F87000CA3E0 /* Frameworks */,
				C5B91A8722262F87000CA3E0 /* Resources */,
			);
			buildRules = (
			);
			dependencies = (
			);
			name = RumtimeTest;
			productName = RumtimeTest;
			productReference = C5B91A8922262F87000CA3E0 /* RumtimeTest.xctest */;
			productType = "com.apple.product-type.bundle.unit-test";
		};
/* End PBXNativeTarget section */

/* Begin PBXProject section */
		C58277A22223D6A9000D2876 /* Project object */ = {
			isa = PBXProject;
			attributes = {
				LastUpgradeCheck = 1010;
				ORGANIZATIONNAME = com.alibaba;
				TargetAttributes = {
					C58277A92223D6A9000D2876 = {
						CreatedOnToolsVersion = 10.1;
					};
					C5B91A8822262F87000CA3E0 = {
						CreatedOnToolsVersion = 10.1;
					};
				};
			};
			buildConfigurationList = C58277A52223D6A9000D2876 /* Build configuration list for PBXProject "Runtime-Demo" */;
			compatibilityVersion = "Xcode 9.3";
			developmentRegion = en;
			hasScannedForEncodings = 0;
			knownRegions = (
				en,
			);
			mainGroup = C58277A12223D6A9000D2876;
			productRefGroup = C58277AB2223D6A9000D2876 /* Products */;
			projectDirPath = "";
			projectRoot = "";
			targets = (
				C58277A92223D6A9000D2876 /* Runtime-Demo */,
				C5B91A8822262F87000CA3E0 /* RumtimeTest */,
			);
		};
/* End PBXProject section */

/* Begin PBXResourcesBuildPhase section */
		C5B91A8722262F87000CA3E0 /* Resources */ = {
			isa = PBXResourcesBuildPhase;
			buildActionMask = 2147483647;
			files = (
			);
			runOnlyForDeploymentPostprocessing = 0;
		};
/* End PBXResourcesBuildPhase section */

/* Begin PBXSourcesBuildPhase section */
		C58277A62223D6A9000D2876 /* Sources */ = {
			isa = PBXSourcesBuildPhase;
			buildActionMask = 2147483647;
			files = (
				C58277AE2223D6A9000D2876 /* main.m in Sources */,
			);
			runOnlyForDeploymentPostprocessing = 0;
		};
		C5B91A8522262F87000CA3E0 /* Sources */ = {
			isa = PBXSourcesBuildPhase;
			buildActionMask = 2147483647;
			files = (
				C5B91A932226390A000CA3E0 /* Objc_MsgSendTester.m in Sources */,
				C5B91A8C22262F87000CA3E0 /* RumtimeTest.m in Sources */,
			);
			runOnlyForDeploymentPostprocessing = 0;
		};
/* End PBXSourcesBuildPhase section */

/* Begin XCBuildConfiguration section */
		C58277AF2223D6A9000D2876 /* Debug */ = {
			isa = XCBuildConfiguration;
			buildSettings = {
				ALWAYS_SEARCH_USER_PATHS = NO;
				CLANG_ANALYZER_NONNULL = YES;
				CLANG_ANALYZER_NUMBER_OBJECT_CONVERSION = YES_AGGRESSIVE;
				CLANG_CXX_LANGUAGE_STANDARD = "gnu++14";
				CLANG_CXX_LIBRARY = "libc++";
				CLANG_ENABLE_MODULES = YES;
				CLANG_ENABLE_OBJC_ARC = YES;
				CLANG_ENABLE_OBJC_WEAK = YES;
				CLANG_WARN_BLOCK_CAPTURE_AUTORELEASING = YES;
				CLANG_WARN_BOOL_CONVERSION = YES;
				CLANG_WARN_COMMA = YES;
				CLANG_WARN_CONSTANT_CONVERSION = YES;
				CLANG_WARN_DEPRECATED_OBJC_IMPLEMENTATIONS = YES;
				CLANG_WARN_DIRECT_OBJC_ISA_USAGE = YES_ERROR;
				CLANG_WARN_DOCUMENTATION_COMMENTS = YES;
				CLANG_WARN_EMPTY_BODY = YES;
				CLANG_WARN_ENUM_CONVERSION = YES;
				CLANG_WARN_INFINITE_RECURSION = YES;
				CLANG_WARN_INT_CONVERSION = YES;
				CLANG_WARN_NON_LITERAL_NULL_CONVERSION = YES;
				CLANG_WARN_OBJC_IMPLICIT_RETAIN_SELF = YES;
				CLANG_WARN_OBJC_LITERAL_CONVERSION = YES;
				CLANG_WARN_OBJC_ROOT_CLASS = YES_ERROR;
				CLANG_WARN_RANGE_LOOP_ANALYSIS = YES;
				CLANG_WARN_STRICT_PROTOTYPES = YES;
				CLANG_WARN_SUSPICIOUS_MOVE = YES;
				CLANG_WARN_UNGUARDED_AVAILABILITY = YES_AGGRESSIVE;
				CLANG_WARN_UNREACHABLE_CODE = YES;
				CLANG_WARN__DUPLICATE_METHOD_MATCH = YES;
				CODE_SIGN_IDENTITY = "Mac Developer";
				COPY_PHASE_STRIP = NO;
				DEBUG_INFORMATION_FORMAT = dwarf;
				ENABLE_STRICT_OBJC_MSGSEND = YES;
				ENABLE_TESTABILITY = YES;
				GCC_C_LANGUAGE_STANDARD = gnu11;
				GCC_DYNAMIC_NO_PIC = NO;
				GCC_NO_COMMON_BLOCKS = YES;
				GCC_OPTIMIZATION_LEVEL = 0;
				GCC_PREPROCESSOR_DEFINITIONS = (
					"DEBUG=1",
					"$(inherited)",
				);
				GCC_WARN_64_TO_32_BIT_CONVERSION = YES;
				GCC_WARN_ABOUT_RETURN_TYPE = YES_ERROR;
				GCC_WARN_UNDECLARED_SELECTOR = YES;
				GCC_WARN_UNINITIALIZED_AUTOS = YES_AGGRESSIVE;
				GCC_WARN_UNUSED_FUNCTION = YES;
				GCC_WARN_UNUSED_VARIABLE = YES;
				MACOSX_DEPLOYMENT_TARGET = 10.14;
				MTL_ENABLE_DEBUG_INFO = INCLUDE_SOURCE;
				MTL_FAST_MATH = YES;
				ONLY_ACTIVE_ARCH = YES;
				SDKROOT = macosx;
			};
			name = Debug;
		};
		C58277B02223D6A9000D2876 /* Release */ = {
			isa = XCBuildConfiguration;
			buildSettings = {
				ALWAYS_SEARCH_USER_PATHS = NO;
				CLANG_ANALYZER_NONNULL = YES;
				CLANG_ANALYZER_NUMBER_OBJECT_CONVERSION = YES_AGGRESSIVE;
				CLANG_CXX_LANGUAGE_STANDARD = "gnu++14";
				CLANG_CXX_LIBRARY = "libc++";
				CLANG_ENABLE_MODULES = YES;
				CLANG_ENABLE_OBJC_ARC = YES;
				CLANG_ENABLE_OBJC_WEAK = YES;
				CLANG_WARN_BLOCK_CAPTURE_AUTORELEASING = YES;
				CLANG_WARN_BOOL_CONVERSION = YES;
				CLANG_WARN_COMMA = YES;
				CLANG_WARN_CONSTANT_CONVERSION = YES;
				CLANG_WARN_DEPRECATED_OBJC_IMPLEMENTATIONS = YES;
				CLANG_WARN_DIRECT_OBJC_ISA_USAGE = YES_ERROR;
				CLANG_WARN_DOCUMENTATION_COMMENTS = YES;
				CLANG_WARN_EMPTY_BODY = YES;
				CLANG_WARN_ENUM_CONVERSION = YES;
				CLANG_WARN_INFINITE_RECURSION = YES;
				CLANG_WARN_INT_CONVERSION = YES;
				CLANG_WARN_NON_LITERAL_NULL_CONVERSION = YES;
				CLANG_WARN_OBJC_IMPLICIT_RETAIN_SELF = YES;
				CLANG_WARN_OBJC_LITERAL_CONVERSION = YES;
				CLANG_WARN_OBJC_ROOT_CLASS = YES_ERROR;
				CLANG_WARN_RANGE_LOOP_ANALYSIS = YES;
				CLANG_WARN_STRICT_PROTOTYPES = YES;
				CLANG_WARN_SUSPICIOUS_MOVE = YES;
				CLANG_WARN_UNGUARDED_AVAILABILITY = YES_AGGRESSIVE;
				CLANG_WARN_UNREACHABLE_CODE = YES;
				CLANG_WARN__DUPLICATE_METHOD_MATCH = YES;
				CODE_SIGN_IDENTITY = "Mac Developer";
				COPY_PHASE_STRIP = NO;
				DEBUG_INFORMATION_FORMAT = "dwarf-with-dsym";
				ENABLE_NS_ASSERTIONS = NO;
				ENABLE_STRICT_OBJC_MSGSEND = YES;
				GCC_C_LANGUAGE_STANDARD = gnu11;
				GCC_NO_COMMON_BLOCKS = YES;
				GCC_WARN_64_TO_32_BIT_CONVERSION = YES;
				GCC_WARN_ABOUT_RETURN_TYPE = YES_ERROR;
				GCC_WARN_UNDECLARED_SELECTOR = YES;
				GCC_WARN_UNINITIALIZED_AUTOS = YES_AGGRESSIVE;
				GCC_WARN_UNUSED_FUNCTION = YES;
				GCC_WARN_UNUSED_VARIABLE = YES;
				MACOSX_DEPLOYMENT_TARGET = 10.14;
				MTL_ENABLE_DEBUG_INFO = NO;
				MTL_FAST_MATH = YES;
				SDKROOT = macosx;
			};
			name = Release;
		};
		C58277B22223D6A9000D2876 /* Debug */ = {
			isa = XCBuildConfiguration;
			buildSettings = {
				CODE_SIGN_STYLE = Automatic;
				DEVELOPMENT_TEAM = 7HN3FL9R65;
				PRODUCT_NAME = "$(TARGET_NAME)";
			};
			name = Debug;
		};
		C58277B32223D6A9000D2876 /* Release */ = {
			isa = XCBuildConfiguration;
			buildSettings = {
				CODE_SIGN_STYLE = Automatic;
				DEVELOPMENT_TEAM = 7HN3FL9R65;
				PRODUCT_NAME = "$(TARGET_NAME)";
			};
			name = Release;
		};
		C5B91A8F22262F87000CA3E0 /* Debug */ = {
			isa = XCBuildConfiguration;
			buildSettings = {
				CODE_SIGN_IDENTITY = "-";
				CODE_SIGN_STYLE = Automatic;
				COMBINE_HIDPI_IMAGES = YES;
				INFOPLIST_FILE = RumtimeTest/Info.plist;
				LD_RUNPATH_SEARCH_PATHS = (
					"$(inherited)",
					"@executable_path/../Frameworks",
					"@loader_path/../Frameworks",
				);
				PRODUCT_BUNDLE_IDENTIFIER = com.zhaorui.RumtimeTest;
				PRODUCT_NAME = "$(TARGET_NAME)";
			};
			name = Debug;
		};
		C5B91A9022262F87000CA3E0 /* Release */ = {
			isa = XCBuildConfiguration;
			buildSettings = {
				CODE_SIGN_IDENTITY = "-";
				CODE_SIGN_STYLE = Automatic;
				COMBINE_HIDPI_IMAGES = YES;
				INFOPLIST_FILE = RumtimeTest/Info.plist;
				LD_RUNPATH_SEARCH_PATHS = (
					"$(inherited)",
					"@executable_path/../Frameworks",
					"@loader_path/../Frameworks",
				);
				PRODUCT_BUNDLE_IDENTIFIER = com.zhaorui.RumtimeTest;
				PRODUCT_NAME = "$(TARGET_NAME)";
			};
			name = Release;
		};
/* End XCBuildConfiguration section */

/* Begin XCConfigurationList section */
		C58277A52223D6A9000D2876 /* Build configuration list for PBXProject "Runtime-Demo" */ = {
			isa = XCConfigurationList;
			buildConfigurations = (
				C58277AF2223D6A9000D2876 /* Debug */,
				C58277B02223D6A9000D2876 /* Release */,
			);
			defaultConfigurationIsVisible = 0;
			defaultConfigurationName = Release;
		};
		C58277B12223D6A9000D2876 /* Build configuration list for PBXNativeTarget "Runtime-Demo" */ = {
			isa = XCConfigurationList;
			buildConfigurations = (
				C58277B22223D6A9000D2876 /* Debug */,
				C58277B32223D6A9000D2876 /* Release */,
			);
			defaultConfigurationIsVisible = 0;
			defaultConfigurationName = Release;
		};
		C5B91A8E22262F87000CA3E0 /* Build configuration list for PBXNativeTarget "RumtimeTest" */ = {
			isa = XCConfigurationList;
			buildConfigurations = (
				C5B91A8F22262F87000CA3E0 /* Debug */,
				C5B91A9022262F87000CA3E0 /* Release */,
			);
			defaultConfigurationIsVisible = 0;
			defaultConfigurationName = Release;
		};
/* End XCConfigurationList section */
	};
	rootObject = C58277A22223D6A9000D2876 /* Project object */;
}
