// !$*UTF8*$!
{
	archiveVersion = 1;
	classes = {
	};
	objectVersion = 50;
	objects = {

/* Begin PBXBuildFile section */
		C52280A12241E07500B29526 /* MemoConfig.m in Sources */ = {isa = PBXBuildFile; fileRef = C52280A02241E07500B29526 /* MemoConfig.m */; };
		C54AC6962247C7410008B954 /* memo.m in Sources */ = {isa = PBXBuildFile; fileRef = C54AC6952247C7410008B954 /* memo.m */; };
		C54AC6992247C8C70008B954 /* add.m in Sources */ = {isa = PBXBuildFile; fileRef = C54AC6982247C8C70008B954 /* add.m */; };
		C54AC69E224871730008B954 /* argv-array.m in Sources */ = {isa = PBXBuildFile; fileRef = C54AC69D224871730008B954 /* argv-array.m */; };
		C54AC6A222488B790008B954 /* wrapper.m in Sources */ = {isa = PBXBuildFile; fileRef = C54AC6A122488B790008B954 /* wrapper.m */; };
		C54AC6A42248A90B0008B954 /* usage.m in Sources */ = {isa = PBXBuildFile; fileRef = C54AC6A32248A90B0008B954 /* usage.m */; };
		C54AC8A72249DD8D0008B954 /* string-list.m in Sources */ = {isa = PBXBuildFile; fileRef = C54AC8A62249DD8D0008B954 /* string-list.m */; };
		C54AC8AA224A19740008B954 /* memo in Copy Files */ = {isa = PBXBuildFile; fileRef = C59B6409222556A4004E2EFC /* memo */; };
		C54AC8AC224A1B850008B954 /* help.m in Sources */ = {isa = PBXBuildFile; fileRef = C54AC8AB224A1B850008B954 /* help.m */; };
		C54AC8AE224A1BFD0008B954 /* find.m in Sources */ = {isa = PBXBuildFile; fileRef = C54AC8AD224A1BFD0008B954 /* find.m */; };
		C54E0647225ADAE000C03A38 /* home.m in Sources */ = {isa = PBXBuildFile; fileRef = C54E0646225ADAE000C03A38 /* home.m */; };
		C58B761B2265CE7300637ED6 /* ttymodes.c in Sources */ = {isa = PBXBuildFile; fileRef = C58B761A2265CE7300637ED6 /* ttymodes.c */; };
		C599B2A72257966000836BC0 /* common.m in Sources */ = {isa = PBXBuildFile; fileRef = C599B2A62257966000836BC0 /* common.m */; };
		C59B640D222556A4004E2EFC /* main.m in Sources */ = {isa = PBXBuildFile; fileRef = C59B640C222556A4004E2EFC /* main.m */; };
		C5A4E1C3225C32AA00D0CCE4 /* NSURL+Convience.m in Sources */ = {isa = PBXBuildFile; fileRef = C5A4E1C2225C32AA00D0CCE4 /* NSURL+Convience.m */; };
		C5D5EB952259EDD90049F094 /* color.m in Sources */ = {isa = PBXBuildFile; fileRef = C5D5EB942259EDD90049F094 /* color.m */; };
		C5DD83CC226C77DC0005EEFC /* error.c in Sources */ = {isa = PBXBuildFile; fileRef = C5DD83CB226C77DC0005EEFC /* error.c */; };
		C5DD83CE226C7BCE0005EEFC /* written.c in Sources */ = {isa = PBXBuildFile; fileRef = C5DD83CD226C7BCE0005EEFC /* written.c */; };
		C5DD83D0226C7FF80005EEFC /* readn.c in Sources */ = {isa = PBXBuildFile; fileRef = C5DD83CF226C7FF80005EEFC /* readn.c */; };
/* End PBXBuildFile section */

/* Begin PBXCopyFilesBuildPhase section */
		C54AC8A9224A19640008B954 /* Copy Files */ = {
			isa = PBXCopyFilesBuildPhase;
			buildActionMask = 2147483647;
			dstPath = /usr/local/bin;
			dstSubfolderSpec = 0;
			files = (
				C54AC8AA224A19740008B954 /* memo in Copy Files */,
			);
			name = "Copy Files";
			runOnlyForDeploymentPostprocessing = 0;
		};
/* End PBXCopyFilesBuildPhase section */

/* Begin PBXFileReference section */
		C522809F2241E07500B29526 /* MemoConfig.h */ = {isa = PBXFileReference; lastKnownFileType = sourcecode.c.h; path = MemoConfig.h; sourceTree = "<group>"; };
		C52280A02241E07500B29526 /* MemoConfig.m */ = {isa = PBXFileReference; lastKnownFileType = sourcecode.c.objc; path = MemoConfig.m; sourceTree = "<group>"; };
		C54AC6942247C6F20008B954 /* builtin.h */ = {isa = PBXFileReference; lastKnownFileType = sourcecode.c.h; path = builtin.h; sourceTree = "<group>"; };
		C54AC6952247C7410008B954 /* memo.m */ = {isa = PBXFileReference; lastKnownFileType = sourcecode.c.objc; path = memo.m; sourceTree = "<group>"; };
		C54AC6982247C8C70008B954 /* add.m */ = {isa = PBXFileReference; lastKnownFileType = sourcecode.c.objc; path = add.m; sourceTree = "<group>"; };
		C54AC69A2247C9F90008B954 /* memo-compat-util.h */ = {isa = PBXFileReference; lastKnownFileType = sourcecode.c.h; path = "memo-compat-util.h"; sourceTree = "<group>"; };
		C54AC69D224871730008B954 /* argv-array.m */ = {isa = PBXFileReference; lastKnownFileType = sourcecode.c.objc; path = "argv-array.m"; sourceTree = "<group>"; };
		C54AC69F224871810008B954 /* argv-array.h */ = {isa = PBXFileReference; lastKnownFileType = sourcecode.c.h; path = "argv-array.h"; sourceTree = "<group>"; };
		C54AC6A0224878AB0008B954 /* cache.h */ = {isa = PBXFileReference; lastKnownFileType = sourcecode.c.h; path = cache.h; sourceTree = "<group>"; };
		C54AC6A122488B790008B954 /* wrapper.m */ = {isa = PBXFileReference; lastKnownFileType = sourcecode.c.objc; path = wrapper.m; sourceTree = "<group>"; };
		C54AC6A32248A90B0008B954 /* usage.m */ = {isa = PBXFileReference; lastKnownFileType = sourcecode.c.objc; path = usage.m; sourceTree = "<group>"; };
		C54AC8A52249DD8D0008B954 /* string-list.h */ = {isa = PBXFileReference; lastKnownFileType = sourcecode.c.h; path = "string-list.h"; sourceTree = "<group>"; };
		C54AC8A62249DD8D0008B954 /* string-list.m */ = {isa = PBXFileReference; lastKnownFileType = sourcecode.c.objc; path = "string-list.m"; sourceTree = "<group>"; };
		C54AC8AB224A1B850008B954 /* help.m */ = {isa = PBXFileReference; lastKnownFileType = sourcecode.c.objc; path = help.m; sourceTree = "<group>"; };
		C54AC8AD224A1BFD0008B954 /* find.m */ = {isa = PBXFileReference; lastKnownFileType = sourcecode.c.objc; path = find.m; sourceTree = "<group>"; };
		C54E0646225ADAE000C03A38 /* home.m */ = {isa = PBXFileReference; lastKnownFileType = sourcecode.c.objc; path = home.m; sourceTree = "<group>"; };
		C58B76192265CE5400637ED6 /* apue.h */ = {isa = PBXFileReference; lastKnownFileType = sourcecode.c.h; path = apue.h; sourceTree = "<group>"; };
		C58B761A2265CE7300637ED6 /* ttymodes.c */ = {isa = PBXFileReference; lastKnownFileType = sourcecode.c.c; path = ttymodes.c; sourceTree = "<group>"; };
		C599B2A62257966000836BC0 /* common.m */ = {isa = PBXFileReference; lastKnownFileType = sourcecode.c.objc; path = common.m; sourceTree = "<group>"; };
		C599B2A82257966C00836BC0 /* common.h */ = {isa = PBXFileReference; lastKnownFileType = sourcecode.c.h; path = common.h; sourceTree = "<group>"; };
		C59B6409222556A4004E2EFC /* memo */ = {isa = PBXFileReference; explicitFileType = "compiled.mach-o.executable"; includeInIndex = 0; path = memo; sourceTree = BUILT_PRODUCTS_DIR; };
		C59B640C222556A4004E2EFC /* main.m */ = {isa = PBXFileReference; lastKnownFileType = sourcecode.c.objc; path = main.m; sourceTree = "<group>"; };
		C5A4E1C1225C32AA00D0CCE4 /* NSURL+Convience.h */ = {isa = PBXFileReference; lastKnownFileType = sourcecode.c.h; path = "NSURL+Convience.h"; sourceTree = "<group>"; };
		C5A4E1C2225C32AA00D0CCE4 /* NSURL+Convience.m */ = {isa = PBXFileReference; lastKnownFileType = sourcecode.c.objc; path = "NSURL+Convience.m"; sourceTree = "<group>"; };
		C5D5EB942259EDD90049F094 /* color.m */ = {isa = PBXFileReference; lastKnownFileType = sourcecode.c.objc; path = color.m; sourceTree = "<group>"; };
		C5D5EB962259EDE30049F094 /* color.h */ = {isa = PBXFileReference; lastKnownFileType = sourcecode.c.h; path = color.h; sourceTree = "<group>"; };
		C5DD83CB226C77DC0005EEFC /* error.c */ = {isa = PBXFileReference; lastKnownFileType = sourcecode.c.c; path = error.c; sourceTree = "<group>"; };
		C5DD83CD226C7BCE0005EEFC /* written.c */ = {isa = PBXFileReference; lastKnownFileType = sourcecode.c.c; path = written.c; sourceTree = "<group>"; };
		C5DD83CF226C7FF80005EEFC /* readn.c */ = {isa = PBXFileReference; lastKnownFileType = sourcecode.c.c; path = readn.c; sourceTree = "<group>"; };
/* End PBXFileReference section */

/* Begin PBXFrameworksBuildPhase section */
		C59B6406222556A4004E2EFC /* Frameworks */ = {
			isa = PBXFrameworksBuildPhase;
			buildActionMask = 2147483647;
			files = (
			);
			runOnlyForDeploymentPostprocessing = 0;
		};
/* End PBXFrameworksBuildPhase section */

/* Begin PBXGroup section */
		C54AC6972247C8780008B954 /* builtin */ = {
			isa = PBXGroup;
			children = (
				C54AC6982247C8C70008B954 /* add.m */,
				C54E0646225ADAE000C03A38 /* home.m */,
				C54AC8AB224A1B850008B954 /* help.m */,
				C54AC8AD224A1BFD0008B954 /* find.m */,
			);
			path = builtin;
			sourceTree = "<group>";
		};
		C58B76182265CE4500637ED6 /* apue */ = {
			isa = PBXGroup;
			children = (
				C58B76192265CE5400637ED6 /* apue.h */,
				C58B761A2265CE7300637ED6 /* ttymodes.c */,
				C5DD83CB226C77DC0005EEFC /* error.c */,
				C5DD83CD226C7BCE0005EEFC /* written.c */,
				C5DD83CF226C7FF80005EEFC /* readn.c */,
			);
			path = apue;
			sourceTree = "<group>";
		};
		C599B2A522578B2700836BC0 /* lib */ = {
			isa = PBXGroup;
			children = (
				C58B76182265CE4500637ED6 /* apue */,
				C599B2A62257966000836BC0 /* common.m */,
				C599B2A82257966C00836BC0 /* common.h */,
				C5D5EB942259EDD90049F094 /* color.m */,
				C5D5EB962259EDE30049F094 /* color.h */,
			);
			path = lib;
			sourceTree = "<group>";
		};
		C59B6400222556A4004E2EFC = {
			isa = PBXGroup;
			children = (
				C59B640B222556A4004E2EFC /* memo */,
				C59B640A222556A4004E2EFC /* Products */,
			);
			sourceTree = "<group>";
		};
		C59B640A222556A4004E2EFC /* Products */ = {
			isa = PBXGroup;
			children = (
				C59B6409222556A4004E2EFC /* memo */,
			);
			name = Products;
			sourceTree = "<group>";
		};
		C59B640B222556A4004E2EFC /* memo */ = {
			isa = PBXGroup;
			children = (
				C5A4E1BF225C318000D0CCE4 /* class extensions */,
				C599B2A522578B2700836BC0 /* lib */,
				C54AC69D224871730008B954 /* argv-array.m */,
				C54AC69F224871810008B954 /* argv-array.h */,
				C54AC8A52249DD8D0008B954 /* string-list.h */,
				C54AC8A62249DD8D0008B954 /* string-list.m */,
				C54AC6972247C8780008B954 /* builtin */,
				C54AC6942247C6F20008B954 /* builtin.h */,
				C54AC6A0224878AB0008B954 /* cache.h */,
				C59B640C222556A4004E2EFC /* main.m */,
				C54AC6952247C7410008B954 /* memo.m */,
				C522809F2241E07500B29526 /* MemoConfig.h */,
				C52280A02241E07500B29526 /* MemoConfig.m */,
				C54AC69A2247C9F90008B954 /* memo-compat-util.h */,
				C54AC6A122488B790008B954 /* wrapper.m */,
				C54AC6A32248A90B0008B954 /* usage.m */,
			);
			path = memo;
			sourceTree = "<group>";
		};
		C5A4E1BF225C318000D0CCE4 /* class extensions */ = {
			isa = PBXGroup;
			children = (
				C5A4E1C1225C32AA00D0CCE4 /* NSURL+Convience.h */,
				C5A4E1C2225C32AA00D0CCE4 /* NSURL+Convience.m */,
			);
			path = "class extensions";
			sourceTree = "<group>";
		};
/* End PBXGroup section */

/* Begin PBXNativeTarget section */
		C59B6408222556A4004E2EFC /* memo */ = {
			isa = PBXNativeTarget;
			buildConfigurationList = C59B6410222556A4004E2EFC /* Build configuration list for PBXNativeTarget "memo" */;
			buildPhases = (
				C59B6405222556A4004E2EFC /* Sources */,
				C59B6406222556A4004E2EFC /* Frameworks */,
				C54AC8A9224A19640008B954 /* Copy Files */,
			);
			buildRules = (
			);
			dependencies = (
			);
			name = memo;
			productName = memo;
			productReference = C59B6409222556A4004E2EFC /* memo */;
			productType = "com.apple.product-type.tool";
		};
/* End PBXNativeTarget section */

/* Begin PBXProject section */
		C59B6401222556A4004E2EFC /* Project object */ = {
			isa = PBXProject;
			attributes = {
				LastUpgradeCheck = 1010;
				ORGANIZATIONNAME = com.zhaorui;
				TargetAttributes = {
					C59B6408222556A4004E2EFC = {
						CreatedOnToolsVersion = 10.1;
					};
				};
			};
			buildConfigurationList = C59B6404222556A4004E2EFC /* Build configuration list for PBXProject "memo" */;
			compatibilityVersion = "Xcode 9.3";
			developmentRegion = en;
			hasScannedForEncodings = 0;
			knownRegions = (
				en,
				Base,
			);
			mainGroup = C59B6400222556A4004E2EFC;
			productRefGroup = C59B640A222556A4004E2EFC /* Products */;
			projectDirPath = "";
			projectRoot = "";
			targets = (
				C59B6408222556A4004E2EFC /* memo */,
			);
		};
/* End PBXProject section */

/* Begin PBXSourcesBuildPhase section */
		C59B6405222556A4004E2EFC /* Sources */ = {
			isa = PBXSourcesBuildPhase;
			buildActionMask = 2147483647;
			files = (
				C54E0647225ADAE000C03A38 /* home.m in Sources */,
				C54AC8AE224A1BFD0008B954 /* find.m in Sources */,
				C5DD83CC226C77DC0005EEFC /* error.c in Sources */,
				C58B761B2265CE7300637ED6 /* ttymodes.c in Sources */,
				C59B640D222556A4004E2EFC /* main.m in Sources */,
				C54AC6A222488B790008B954 /* wrapper.m in Sources */,
				C5DD83D0226C7FF80005EEFC /* readn.c in Sources */,
				C54AC6992247C8C70008B954 /* add.m in Sources */,
				C5DD83CE226C7BCE0005EEFC /* written.c in Sources */,
				C54AC6A42248A90B0008B954 /* usage.m in Sources */,
				C54AC69E224871730008B954 /* argv-array.m in Sources */,
				C54AC8AC224A1B850008B954 /* help.m in Sources */,
				C54AC6962247C7410008B954 /* memo.m in Sources */,
				C54AC8A72249DD8D0008B954 /* string-list.m in Sources */,
				C5D5EB952259EDD90049F094 /* color.m in Sources */,
				C599B2A72257966000836BC0 /* common.m in Sources */,
				C52280A12241E07500B29526 /* MemoConfig.m in Sources */,
				C5A4E1C3225C32AA00D0CCE4 /* NSURL+Convience.m in Sources */,
			);
			runOnlyForDeploymentPostprocessing = 0;
		};
/* End PBXSourcesBuildPhase section */

/* Begin XCBuildConfiguration section */
		C59B640E222556A4004E2EFC /* Debug */ = {
			isa = XCBuildConfiguration;
			buildSettings = {
				ALWAYS_SEARCH_USER_PATHS = NO;
				CLANG_ANALYZER_NONNULL = YES;
				CLANG_ANALYZER_NUMBER_OBJECT_CONVERSION = YES_AGGRESSIVE;
				CLANG_CXX_LANGUAGE_STANDARD = "gnu++14";
				CLANG_CXX_LIBRARY = "libc++";
				CLANG_ENABLE_MODULES = YES;
				CLANG_ENABLE_OBJC_ARC = YES;
				CLANG_ENABLE_OBJC_WEAK = YES;
				CLANG_WARN_BLOCK_CAPTURE_AUTORELEASING = YES;
				CLANG_WARN_BOOL_CONVERSION = YES;
				CLANG_WARN_COMMA = YES;
				CLANG_WARN_CONSTANT_CONVERSION = YES;
				CLANG_WARN_DEPRECATED_OBJC_IMPLEMENTATIONS = YES;
				CLANG_WARN_DIRECT_OBJC_ISA_USAGE = YES_ERROR;
				CLANG_WARN_DOCUMENTATION_COMMENTS = YES;
				CLANG_WARN_EMPTY_BODY = YES;
				CLANG_WARN_ENUM_CONVERSION = YES;
				CLANG_WARN_INFINITE_RECURSION = YES;
				CLANG_WARN_INT_CONVERSION = YES;
				CLANG_WARN_NON_LITERAL_NULL_CONVERSION = YES;
				CLANG_WARN_OBJC_IMPLICIT_RETAIN_SELF = YES;
				CLANG_WARN_OBJC_LITERAL_CONVERSION = YES;
				CLANG_WARN_OBJC_ROOT_CLASS = YES_ERROR;
				CLANG_WARN_RANGE_LOOP_ANALYSIS = YES;
				CLANG_WARN_STRICT_PROTOTYPES = YES;
				CLANG_WARN_SUSPICIOUS_MOVE = YES;
				CLANG_WARN_UNGUARDED_AVAILABILITY = YES_AGGRESSIVE;
				CLANG_WARN_UNREACHABLE_CODE = YES;
				CLANG_WARN__DUPLICATE_METHOD_MATCH = YES;
				CODE_SIGN_IDENTITY = "-";
				COPY_PHASE_STRIP = NO;
				DEBUG_INFORMATION_FORMAT = dwarf;
				ENABLE_STRICT_OBJC_MSGSEND = YES;
				ENABLE_TESTABILITY = YES;
				GCC_C_LANGUAGE_STANDARD = gnu11;
				GCC_DYNAMIC_NO_PIC = NO;
				GCC_NO_COMMON_BLOCKS = YES;
				GCC_OPTIMIZATION_LEVEL = 0;
				GCC_PREPROCESSOR_DEFINITIONS = (
					"DEBUG=1",
					"$(inherited)",
				);
				GCC_WARN_64_TO_32_BIT_CONVERSION = YES;
				GCC_WARN_ABOUT_RETURN_TYPE = YES_ERROR;
				GCC_WARN_UNDECLARED_SELECTOR = YES;
				GCC_WARN_UNINITIALIZED_AUTOS = YES_AGGRESSIVE;
				GCC_WARN_UNUSED_FUNCTION = YES;
				GCC_WARN_UNUSED_VARIABLE = YES;
				MACOSX_DEPLOYMENT_TARGET = 10.14;
				MTL_ENABLE_DEBUG_INFO = INCLUDE_SOURCE;
				MTL_FAST_MATH = YES;
				ONLY_ACTIVE_ARCH = YES;
				SDKROOT = macosx;
			};
			name = Debug;
		};
		C59B640F222556A4004E2EFC /* Release */ = {
			isa = XCBuildConfiguration;
			buildSettings = {
				ALWAYS_SEARCH_USER_PATHS = NO;
				CLANG_ANALYZER_NONNULL = YES;
				CLANG_ANALYZER_NUMBER_OBJECT_CONVERSION = YES_AGGRESSIVE;
				CLANG_CXX_LANGUAGE_STANDARD = "gnu++14";
				CLANG_CXX_LIBRARY = "libc++";
				CLANG_ENABLE_MODULES = YES;
				CLANG_ENABLE_OBJC_ARC = YES;
				CLANG_ENABLE_OBJC_WEAK = YES;
				CLANG_WARN_BLOCK_CAPTURE_AUTORELEASING = YES;
				CLANG_WARN_BOOL_CONVERSION = YES;
				CLANG_WARN_COMMA = YES;
				CLANG_WARN_CONSTANT_CONVERSION = YES;
				CLANG_WARN_DEPRECATED_OBJC_IMPLEMENTATIONS = YES;
				CLANG_WARN_DIRECT_OBJC_ISA_USAGE = YES_ERROR;
				CLANG_WARN_DOCUMENTATION_COMMENTS = YES;
				CLANG_WARN_EMPTY_BODY = YES;
				CLANG_WARN_ENUM_CONVERSION = YES;
				CLANG_WARN_INFINITE_RECURSION = YES;
				CLANG_WARN_INT_CONVERSION = YES;
				CLANG_WARN_NON_LITERAL_NULL_CONVERSION = YES;
				CLANG_WARN_OBJC_IMPLICIT_RETAIN_SELF = YES;
				CLANG_WARN_OBJC_LITERAL_CONVERSION = YES;
				CLANG_WARN_OBJC_ROOT_CLASS = YES_ERROR;
				CLANG_WARN_RANGE_LOOP_ANALYSIS = YES;
				CLANG_WARN_STRICT_PROTOTYPES = YES;
				CLANG_WARN_SUSPICIOUS_MOVE = YES;
				CLANG_WARN_UNGUARDED_AVAILABILITY = YES_AGGRESSIVE;
				CLANG_WARN_UNREACHABLE_CODE = YES;
				CLANG_WARN__DUPLICATE_METHOD_MATCH = YES;
				CODE_SIGN_IDENTITY = "-";
				COPY_PHASE_STRIP = NO;
				DEBUG_INFORMATION_FORMAT = "dwarf-with-dsym";
				ENABLE_NS_ASSERTIONS = NO;
				ENABLE_STRICT_OBJC_MSGSEND = YES;
				GCC_C_LANGUAGE_STANDARD = gnu11;
				GCC_NO_COMMON_BLOCKS = YES;
				GCC_WARN_64_TO_32_BIT_CONVERSION = YES;
				GCC_WARN_ABOUT_RETURN_TYPE = YES_ERROR;
				GCC_WARN_UNDECLARED_SELECTOR = YES;
				GCC_WARN_UNINITIALIZED_AUTOS = YES_AGGRESSIVE;
				GCC_WARN_UNUSED_FUNCTION = YES;
				GCC_WARN_UNUSED_VARIABLE = YES;
				MACOSX_DEPLOYMENT_TARGET = 10.14;
				MTL_ENABLE_DEBUG_INFO = NO;
				MTL_FAST_MATH = YES;
				SDKROOT = macosx;
			};
			name = Release;
		};
		C59B6411222556A4004E2EFC /* Debug */ = {
			isa = XCBuildConfiguration;
			buildSettings = {
				CODE_SIGN_STYLE = Automatic;
				PRODUCT_NAME = "$(TARGET_NAME)";
			};
			name = Debug;
		};
		C59B6412222556A4004E2EFC /* Release */ = {
			isa = XCBuildConfiguration;
			buildSettings = {
				CODE_SIGN_STYLE = Automatic;
				PRODUCT_NAME = "$(TARGET_NAME)";
			};
			name = Release;
		};
/* End XCBuildConfiguration section */

/* Begin XCConfigurationList section */
		C59B6404222556A4004E2EFC /* Build configuration list for PBXProject "memo" */ = {
			isa = XCConfigurationList;
			buildConfigurations = (
				C59B640E222556A4004E2EFC /* Debug */,
				C59B640F222556A4004E2EFC /* Release */,
			);
			defaultConfigurationIsVisible = 0;
			defaultConfigurationName = Release;
		};
		C59B6410222556A4004E2EFC /* Build configuration list for PBXNativeTarget "memo" */ = {
			isa = XCConfigurationList;
			buildConfigurations = (
				C59B6411222556A4004E2EFC /* Debug */,
				C59B6412222556A4004E2EFC /* Release */,
			);
			defaultConfigurationIsVisible = 0;
			defaultConfigurationName = Release;
		};
/* End XCConfigurationList section */
	};
	rootObject = C59B6401222556A4004E2EFC /* Project object */;
}
