// !$*UTF8*$!
{
	archiveVersion = 1;
	classes = {
	};
	objectVersion = 50;
	objects = {

/* Begin PBXBuildFile section */
		C59B640D222556A4004E2EFC /* main.m in Sources */ = {isa = PBXBuildFile; fileRef = C59B640C222556A4004E2EFC /* main.m */; };
		C5CF56E0222A63B8001C0691 /* BasicCollectionsDemoTest.m in Sources */ = {isa = PBXBuildFile; fileRef = C5CF56DF222A63B8001C0691 /* BasicCollectionsDemoTest.m */; };
/* End PBXBuildFile section */

/* Begin PBXCopyFilesBuildPhase section */
		C59B6407222556A4004E2EFC /* CopyFiles */ = {
			isa = PBXCopyFilesBuildPhase;
			buildActionMask = 2147483647;
			dstPath = /usr/share/man/man1/;
			dstSubfolderSpec = 0;
			files = (
			);
			runOnlyForDeploymentPostprocessing = 1;
		};
/* End PBXCopyFilesBuildPhase section */

/* Begin PBXFileReference section */
		C59B6409222556A4004E2EFC /* BasicCollectionsDemo */ = {isa = PBXFileReference; explicitFileType = "compiled.mach-o.executable"; includeInIndex = 0; path = BasicCollectionsDemo; sourceTree = BUILT_PRODUCTS_DIR; };
		C59B640C222556A4004E2EFC /* main.m */ = {isa = PBXFileReference; lastKnownFileType = sourcecode.c.objc; path = main.m; sourceTree = "<group>"; };
		C5CF56DD222A63B8001C0691 /* BasicCollectionsDemoTest.xctest */ = {isa = PBXFileReference; explicitFileType = wrapper.cfbundle; includeInIndex = 0; path = BasicCollectionsDemoTest.xctest; sourceTree = BUILT_PRODUCTS_DIR; };
		C5CF56DF222A63B8001C0691 /* BasicCollectionsDemoTest.m */ = {isa = PBXFileReference; lastKnownFileType = sourcecode.c.objc; path = BasicCollectionsDemoTest.m; sourceTree = "<group>"; };
		C5CF56E1222A63B8001C0691 /* Info.plist */ = {isa = PBXFileReference; lastKnownFileType = text.plist.xml; path = Info.plist; sourceTree = "<group>"; };
/* End PBXFileReference section */

/* Begin PBXFrameworksBuildPhase section */
		C59B6406222556A4004E2EFC /* Frameworks */ = {
			isa = PBXFrameworksBuildPhase;
			buildActionMask = 2147483647;
			files = (
			);
			runOnlyForDeploymentPostprocessing = 0;
		};
		C5CF56DA222A63B8001C0691 /* Frameworks */ = {
			isa = PBXFrameworksBuildPhase;
			buildActionMask = 2147483647;
			files = (
			);
			runOnlyForDeploymentPostprocessing = 0;
		};
/* End PBXFrameworksBuildPhase section */

/* Begin PBXGroup section */
		C59B6400222556A4004E2EFC = {
			isa = PBXGroup;
			children = (
				C59B640B222556A4004E2EFC /* BasicCollectionsDemo */,
				C5CF56DE222A63B8001C0691 /* BasicCollectionsDemoTest */,
				C59B640A222556A4004E2EFC /* Products */,
			);
			sourceTree = "<group>";
		};
		C59B640A222556A4004E2EFC /* Products */ = {
			isa = PBXGroup;
			children = (
				C59B6409222556A4004E2EFC /* BasicCollectionsDemo */,
				C5CF56DD222A63B8001C0691 /* BasicCollectionsDemoTest.xctest */,
			);
			name = Products;
			sourceTree = "<group>";
		};
		C59B640B222556A4004E2EFC /* BasicCollectionsDemo */ = {
			isa = PBXGroup;
			children = (
				C59B640C222556A4004E2EFC /* main.m */,
			);
			path = BasicCollectionsDemo;
			sourceTree = "<group>";
		};
		C5CF56DE222A63B8001C0691 /* BasicCollectionsDemoTest */ = {
			isa = PBXGroup;
			children = (
				C5CF56DF222A63B8001C0691 /* BasicCollectionsDemoTest.m */,
				C5CF56E1222A63B8001C0691 /* Info.plist */,
			);
			path = BasicCollectionsDemoTest;
			sourceTree = "<group>";
		};
/* End PBXGroup section */

/* Begin PBXNativeTarget section */
		C59B6408222556A4004E2EFC /* BasicCollectionsDemo */ = {
			isa = PBXNativeTarget;
			buildConfigurationList = C59B6410222556A4004E2EFC /* Build configuration list for PBXNativeTarget "BasicCollectionsDemo" */;
			buildPhases = (
				C59B6405222556A4004E2EFC /* Sources */,
				C59B6406222556A4004E2EFC /* Frameworks */,
				C59B6407222556A4004E2EFC /* CopyFiles */,
			);
			buildRules = (
			);
			dependencies = (
			);
			name = BasicCollectionsDemo;
			productName = BasicCollectionsDemo;
			productReference = C59B6409222556A4004E2EFC /* BasicCollectionsDemo */;
			productType = "com.apple.product-type.tool";
		};
		C5CF56DC222A63B8001C0691 /* BasicCollectionsDemoTest */ = {
			isa = PBXNativeTarget;
			buildConfigurationList = C5CF56E4222A63B8001C0691 /* Build configuration list for PBXNativeTarget "BasicCollectionsDemoTest" */;
			buildPhases = (
				C5CF56D9222A63B8001C0691 /* Sources */,
				C5CF56DA222A63B8001C0691 /* Frameworks */,
				C5CF56DB222A63B8001C0691 /* Resources */,
			);
			buildRules = (
			);
			dependencies = (
			);
			name = BasicCollectionsDemoTest;
			productName = BasicCollectionsDemoTest;
			productReference = C5CF56DD222A63B8001C0691 /* BasicCollectionsDemoTest.xctest */;
			productType = "com.apple.product-type.bundle.unit-test";
		};
/* End PBXNativeTarget section */

/* Begin PBXProject section */
		C59B6401222556A4004E2EFC /* Project object */ = {
			isa = PBXProject;
			attributes = {
				LastUpgradeCheck = 1010;
				ORGANIZATIONNAME = com.zhaorui;
				TargetAttributes = {
					C59B6408222556A4004E2EFC = {
						CreatedOnToolsVersion = 10.1;
					};
					C5CF56DC222A63B8001C0691 = {
						CreatedOnToolsVersion = 10.1;
					};
				};
			};
			buildConfigurationList = C59B6404222556A4004E2EFC /* Build configuration list for PBXProject "BasicCollectionsDemo" */;
			compatibilityVersion = "Xcode 9.3";
			developmentRegion = en;
			hasScannedForEncodings = 0;
			knownRegions = (
				en,
			);
			mainGroup = C59B6400222556A4004E2EFC;
			productRefGroup = C59B640A222556A4004E2EFC /* Products */;
			projectDirPath = "";
			projectRoot = "";
			targets = (
				C59B6408222556A4004E2EFC /* BasicCollectionsDemo */,
				C5CF56DC222A63B8001C0691 /* BasicCollectionsDemoTest */,
			);
		};
/* End PBXProject section */

/* Begin PBXResourcesBuildPhase section */
		C5CF56DB222A63B8001C0691 /* Resources */ = {
			isa = PBXResourcesBuildPhase;
			buildActionMask = 2147483647;
			files = (
			);
			runOnlyForDeploymentPostprocessing = 0;
		};
/* End PBXResourcesBuildPhase section */

/* Begin PBXSourcesBuildPhase section */
		C59B6405222556A4004E2EFC /* Sources */ = {
			isa = PBXSourcesBuildPhase;
			buildActionMask = 2147483647;
			files = (
				C59B640D222556A4004E2EFC /* main.m in Sources */,
			);
			runOnlyForDeploymentPostprocessing = 0;
		};
		C5CF56D9222A63B8001C0691 /* Sources */ = {
			isa = PBXSourcesBuildPhase;
			buildActionMask = 2147483647;
			files = (
				C5CF56E0222A63B8001C0691 /* BasicCollectionsDemoTest.m in Sources */,
			);
			runOnlyForDeploymentPostprocessing = 0;
		};
/* End PBXSourcesBuildPhase section */

/* Begin XCBuildConfiguration section */
		C59B640E222556A4004E2EFC /* Debug */ = {
			isa = XCBuildConfiguration;
			buildSettings = {
				ALWAYS_SEARCH_USER_PATHS = NO;
				CLANG_ANALYZER_NONNULL = YES;
				CLANG_ANALYZER_NUMBER_OBJECT_CONVERSION = YES_AGGRESSIVE;
				CLANG_CXX_LANGUAGE_STANDARD = "gnu++14";
				CLANG_CXX_LIBRARY = "libc++";
				CLANG_ENABLE_MODULES = YES;
				CLANG_ENABLE_OBJC_ARC = YES;
				CLANG_ENABLE_OBJC_WEAK = YES;
				CLANG_WARN_BLOCK_CAPTURE_AUTORELEASING = YES;
				CLANG_WARN_BOOL_CONVERSION = YES;
				CLANG_WARN_COMMA = YES;
				CLANG_WARN_CONSTANT_CONVERSION = YES;
				CLANG_WARN_DEPRECATED_OBJC_IMPLEMENTATIONS = YES;
				CLANG_WARN_DIRECT_OBJC_ISA_USAGE = YES_ERROR;
				CLANG_WARN_DOCUMENTATION_COMMENTS = YES;
				CLANG_WARN_EMPTY_BODY = YES;
				CLANG_WARN_ENUM_CONVERSION = YES;
				CLANG_WARN_INFINITE_RECURSION = YES;
				CLANG_WARN_INT_CONVERSION = YES;
				CLANG_WARN_NON_LITERAL_NULL_CONVERSION = YES;
				CLANG_WARN_OBJC_IMPLICIT_RETAIN_SELF = YES;
				CLANG_WARN_OBJC_LITERAL_CONVERSION = YES;
				CLANG_WARN_OBJC_ROOT_CLASS = YES_ERROR;
				CLANG_WARN_RANGE_LOOP_ANALYSIS = YES;
				CLANG_WARN_STRICT_PROTOTYPES = YES;
				CLANG_WARN_SUSPICIOUS_MOVE = YES;
				CLANG_WARN_UNGUARDED_AVAILABILITY = YES_AGGRESSIVE;
				CLANG_WARN_UNREACHABLE_CODE = YES;
				CLANG_WARN__DUPLICATE_METHOD_MATCH = YES;
				CODE_SIGN_IDENTITY = "-";
				COPY_PHASE_STRIP = NO;
				DEBUG_INFORMATION_FORMAT = dwarf;
				ENABLE_STRICT_OBJC_MSGSEND = YES;
				ENABLE_TESTABILITY = YES;
				GCC_C_LANGUAGE_STANDARD = gnu11;
				GCC_DYNAMIC_NO_PIC = NO;
				GCC_NO_COMMON_BLOCKS = YES;
				GCC_OPTIMIZATION_LEVEL = 0;
				GCC_PREPROCESSOR_DEFINITIONS = (
					"DEBUG=1",
					"$(inherited)",
				);
				GCC_WARN_64_TO_32_BIT_CONVERSION = YES;
				GCC_WARN_ABOUT_RETURN_TYPE = YES_ERROR;
				GCC_WARN_UNDECLARED_SELECTOR = YES;
				GCC_WARN_UNINITIALIZED_AUTOS = YES_AGGRESSIVE;
				GCC_WARN_UNUSED_FUNCTION = YES;
				GCC_WARN_UNUSED_VARIABLE = YES;
				MACOSX_DEPLOYMENT_TARGET = 10.14;
				MTL_ENABLE_DEBUG_INFO = INCLUDE_SOURCE;
				MTL_FAST_MATH = YES;
				ONLY_ACTIVE_ARCH = YES;
				SDKROOT = macosx;
			};
			name = Debug;
		};
		C59B640F222556A4004E2EFC /* Release */ = {
			isa = XCBuildConfiguration;
			buildSettings = {
				ALWAYS_SEARCH_USER_PATHS = NO;
				CLANG_ANALYZER_NONNULL = YES;
				CLANG_ANALYZER_NUMBER_OBJECT_CONVERSION = YES_AGGRESSIVE;
				CLANG_CXX_LANGUAGE_STANDARD = "gnu++14";
				CLANG_CXX_LIBRARY = "libc++";
				CLANG_ENABLE_MODULES = YES;
				CLANG_ENABLE_OBJC_ARC = YES;
				CLANG_ENABLE_OBJC_WEAK = YES;
				CLANG_WARN_BLOCK_CAPTURE_AUTORELEASING = YES;
				CLANG_WARN_BOOL_CONVERSION = YES;
				CLANG_WARN_COMMA = YES;
				CLANG_WARN_CONSTANT_CONVERSION = YES;
				CLANG_WARN_DEPRECATED_OBJC_IMPLEMENTATIONS = YES;
				CLANG_WARN_DIRECT_OBJC_ISA_USAGE = YES_ERROR;
				CLANG_WARN_DOCUMENTATION_COMMENTS = YES;
				CLANG_WARN_EMPTY_BODY = YES;
				CLANG_WARN_ENUM_CONVERSION = YES;
				CLANG_WARN_INFINITE_RECURSION = YES;
				CLANG_WARN_INT_CONVERSION = YES;
				CLANG_WARN_NON_LITERAL_NULL_CONVERSION = YES;
				CLANG_WARN_OBJC_IMPLICIT_RETAIN_SELF = YES;
				CLANG_WARN_OBJC_LITERAL_CONVERSION = YES;
				CLANG_WARN_OBJC_ROOT_CLASS = YES_ERROR;
				CLANG_WARN_RANGE_LOOP_ANALYSIS = YES;
				CLANG_WARN_STRICT_PROTOTYPES = YES;
				CLANG_WARN_SUSPICIOUS_MOVE = YES;
				CLANG_WARN_UNGUARDED_AVAILABILITY = YES_AGGRESSIVE;
				CLANG_WARN_UNREACHABLE_CODE = YES;
				CLANG_WARN__DUPLICATE_METHOD_MATCH = YES;
				CODE_SIGN_IDENTITY = "-";
				COPY_PHASE_STRIP = NO;
				DEBUG_INFORMATION_FORMAT = "dwarf-with-dsym";
				ENABLE_NS_ASSERTIONS = NO;
				ENABLE_STRICT_OBJC_MSGSEND = YES;
				GCC_C_LANGUAGE_STANDARD = gnu11;
				GCC_NO_COMMON_BLOCKS = YES;
				GCC_WARN_64_TO_32_BIT_CONVERSION = YES;
				GCC_WARN_ABOUT_RETURN_TYPE = YES_ERROR;
				GCC_WARN_UNDECLARED_SELECTOR = YES;
				GCC_WARN_UNINITIALIZED_AUTOS = YES_AGGRESSIVE;
				GCC_WARN_UNUSED_FUNCTION = YES;
				GCC_WARN_UNUSED_VARIABLE = YES;
				MACOSX_DEPLOYMENT_TARGET = 10.14;
				MTL_ENABLE_DEBUG_INFO = NO;
				MTL_FAST_MATH = YES;
				SDKROOT = macosx;
			};
			name = Release;
		};
		C59B6411222556A4004E2EFC /* Debug */ = {
			isa = XCBuildConfiguration;
			buildSettings = {
				CODE_SIGN_STYLE = Automatic;
				PRODUCT_NAME = "$(TARGET_NAME)";
			};
			name = Debug;
		};
		C59B6412222556A4004E2EFC /* Release */ = {
			isa = XCBuildConfiguration;
			buildSettings = {
				CODE_SIGN_STYLE = Automatic;
				PRODUCT_NAME = "$(TARGET_NAME)";
			};
			name = Release;
		};
		C5CF56E2222A63B8001C0691 /* Debug */ = {
			isa = XCBuildConfiguration;
			buildSettings = {
				CODE_SIGN_STYLE = Automatic;
				COMBINE_HIDPI_IMAGES = YES;
				INFOPLIST_FILE = BasicCollectionsDemoTest/Info.plist;
				LD_RUNPATH_SEARCH_PATHS = (
					"$(inherited)",
					"@executable_path/../Frameworks",
					"@loader_path/../Frameworks",
				);
				PRODUCT_BUNDLE_IDENTIFIER = com.zhaorui.BasicCollectionsDemoTest;
				PRODUCT_NAME = "$(TARGET_NAME)";
			};
			name = Debug;
		};
		C5CF56E3222A63B8001C0691 /* Release */ = {
			isa = XCBuildConfiguration;
			buildSettings = {
				CODE_SIGN_STYLE = Automatic;
				COMBINE_HIDPI_IMAGES = YES;
				INFOPLIST_FILE = BasicCollectionsDemoTest/Info.plist;
				LD_RUNPATH_SEARCH_PATHS = (
					"$(inherited)",
					"@executable_path/../Frameworks",
					"@loader_path/../Frameworks",
				);
				PRODUCT_BUNDLE_IDENTIFIER = com.zhaorui.BasicCollectionsDemoTest;
				PRODUCT_NAME = "$(TARGET_NAME)";
			};
			name = Release;
		};
/* End XCBuildConfiguration section */

/* Begin XCConfigurationList section */
		C59B6404222556A4004E2EFC /* Build configuration list for PBXProject "BasicCollectionsDemo" */ = {
			isa = XCConfigurationList;
			buildConfigurations = (
				C59B640E222556A4004E2EFC /* Debug */,
				C59B640F222556A4004E2EFC /* Release */,
			);
			defaultConfigurationIsVisible = 0;
			defaultConfigurationName = Release;
		};
		C59B6410222556A4004E2EFC /* Build configuration list for PBXNativeTarget "BasicCollectionsDemo" */ = {
			isa = XCConfigurationList;
			buildConfigurations = (
				C59B6411222556A4004E2EFC /* Debug */,
				C59B6412222556A4004E2EFC /* Release */,
			);
			defaultConfigurationIsVisible = 0;
			defaultConfigurationName = Release;
		};
		C5CF56E4222A63B8001C0691 /* Build configuration list for PBXNativeTarget "BasicCollectionsDemoTest" */ = {
			isa = XCConfigurationList;
			buildConfigurations = (
				C5CF56E2222A63B8001C0691 /* Debug */,
				C5CF56E3222A63B8001C0691 /* Release */,
			);
			defaultConfigurationIsVisible = 0;
			defaultConfigurationName = Release;
		};
/* End XCConfigurationList section */
	};
	rootObject = C59B6401222556A4004E2EFC /* Project object */;
}
